
Microsoft Visual Studio Solution File, Format Version 12.00
# Visual Studio Version 16
VisualStudioVersion = 16.0.30717.126
MinimumVisualStudioVersion = 10.0.40219.1
Project("{9A19103F-16F7-4668-BE54-9A1E7A4F7556}") = "ApiParticipacaoLucros.Application", "ApiParticipacaoLucros\ApiParticipacaoLucros.Application.csproj", "{29AAB1B5-E62C-4C3A-B08B-D28E3907CA1C}"
EndProject
Project("{9A19103F-16F7-4668-BE54-9A1E7A4F7556}") = "ApiParticipacaoLucros.CrossCutting", "ApiParticipacaoLucros.CrossCutting\ApiParticipacaoLucros.CrossCutting.csproj", "{98D21CBA-7AEE-4A32-BB3C-5C7564AB5B76}"
EndProject
Project("{9A19103F-16F7-4668-BE54-9A1E7A4F7556}") = "ApiParticipacaoLucros.Data", "ApiParticipacaoLucros.Data\ApiParticipacaoLucros.Data.csproj", "{7A1FC2AB-924A-4D1F-8795-0934926FAF76}"
EndProject
Project("{9A19103F-16F7-4668-BE54-9A1E7A4F7556}") = "ApiParticipacaoLucros.Domain", "ApiParticipacaoLucros.Domain\ApiParticipacaoLucros.Domain.csproj", "{FB85F8AD-608F-40A5-AC65-A3A966C740B4}"
EndProject
Project("{9A19103F-16F7-4668-BE54-9A1E7A4F7556}") = "ApiParticipacaoLucros.Service", "ApiParticipacaoLucros.Service\ApiParticipacaoLucros.Service.csproj", "{7631FBA1-8533-4EA8-A0E9-34D8BD3FB992}"
EndProject
Project("{2150E333-8FDC-42A3-9474-1A3956D46DE8}") = "Testes", "Testes", "{0C791D2B-611B-4BE9-8995-E1920FB30010}"
EndProject
Project("{9A19103F-16F7-4668-BE54-9A1E7A4F7556}") = "Api.Data.Test", "Testes\Api.Data.Test\Api.Data.Test.csproj", "{F73C1CDE-23A6-48D8-8673-8A248E3DABD4}"
EndProject
Project("{FAE04EC0-301F-11D3-BF4B-00C04F79EFBC}") = "Api.Service.Test", "Testes\Api.Service.Test\Api.Service.Test.csproj", "{CA1C721D-CD56-4B68-A46C-88EA384DD05C}"
EndProject
Project("{FAE04EC0-301F-11D3-BF4B-00C04F79EFBC}") = "Api.Application.Test", "Testes\Api.Application.Test\Api.Application.Test.csproj", "{51EBD2EC-C8DD-41F7-A380-F92FDDA54AA1}"
EndProject
Project("{FAE04EC0-301F-11D3-BF4B-00C04F79EFBC}") = "Api.Integration.Test", "Testes\Api.Integration.Test\Api.Integration.Test.csproj", "{5DCBF5EC-47DE-4F3A-AD34-896EAB45049F}"
EndProject
Global
	GlobalSection(SolutionConfigurationPlatforms) = preSolution
		Debug|Any CPU = Debug|Any CPU
		Release|Any CPU = Release|Any CPU
	EndGlobalSection
	GlobalSection(ProjectConfigurationPlatforms) = postSolution
		{29AAB1B5-E62C-4C3A-B08B-D28E3907CA1C}.Debug|Any CPU.ActiveCfg = Debug|Any CPU
		{29AAB1B5-E62C-4C3A-B08B-D28E3907CA1C}.Debug|Any CPU.Build.0 = Debug|Any CPU
		{29AAB1B5-E62C-4C3A-B08B-D28E3907CA1C}.Release|Any CPU.ActiveCfg = Release|Any CPU
		{29AAB1B5-E62C-4C3A-B08B-D28E3907CA1C}.Release|Any CPU.Build.0 = Release|Any CPU
		{98D21CBA-7AEE-4A32-BB3C-5C7564AB5B76}.Debug|Any CPU.ActiveCfg = Debug|Any CPU
		{98D21CBA-7AEE-4A32-BB3C-5C7564AB5B76}.Debug|Any CPU.Build.0 = Debug|Any CPU
		{98D21CBA-7AEE-4A32-BB3C-5C7564AB5B76}.Release|Any CPU.ActiveCfg = Release|Any CPU
		{98D21CBA-7AEE-4A32-BB3C-5C7564AB5B76}.Release|Any CPU.Build.0 = Release|Any CPU
		{7A1FC2AB-924A-4D1F-8795-0934926FAF76}.Debug|Any CPU.ActiveCfg = Debug|Any CPU
		{7A1FC2AB-924A-4D1F-8795-0934926FAF76}.Debug|Any CPU.Build.0 = Debug|Any CPU
		{7A1FC2AB-924A-4D1F-8795-0934926FAF76}.Release|Any CPU.ActiveCfg = Release|Any CPU
		{7A1FC2AB-924A-4D1F-8795-0934926FAF76}.Release|Any CPU.Build.0 = Release|Any CPU
		{FB85F8AD-608F-40A5-AC65-A3A966C740B4}.Debug|Any CPU.ActiveCfg = Debug|Any CPU
		{FB85F8AD-608F-40A5-AC65-A3A966C740B4}.Debug|Any CPU.Build.0 = Debug|Any CPU
		{FB85F8AD-608F-40A5-AC65-A3A966C740B4}.Release|Any CPU.ActiveCfg = Release|Any CPU
		{FB85F8AD-608F-40A5-AC65-A3A966C740B4}.Release|Any CPU.Build.0 = Release|Any CPU
		{7631FBA1-8533-4EA8-A0E9-34D8BD3FB992}.Debug|Any CPU.ActiveCfg = Debug|Any CPU
		{7631FBA1-8533-4EA8-A0E9-34D8BD3FB992}.Debug|Any CPU.Build.0 = Debug|Any CPU
		{7631FBA1-8533-4EA8-A0E9-34D8BD3FB992}.Release|Any CPU.ActiveCfg = Release|Any CPU
		{7631FBA1-8533-4EA8-A0E9-34D8BD3FB992}.Release|Any CPU.Build.0 = Release|Any CPU
		{F73C1CDE-23A6-48D8-8673-8A248E3DABD4}.Debug|Any CPU.ActiveCfg = Debug|Any CPU
		{F73C1CDE-23A6-48D8-8673-8A248E3DABD4}.Debug|Any CPU.Build.0 = Debug|Any CPU
		{F73C1CDE-23A6-48D8-8673-8A248E3DABD4}.Release|Any CPU.ActiveCfg = Release|Any CPU
		{F73C1CDE-23A6-48D8-8673-8A248E3DABD4}.Release|Any CPU.Build.0 = Release|Any CPU
		{CA1C721D-CD56-4B68-A46C-88EA384DD05C}.Debug|Any CPU.ActiveCfg = Debug|Any CPU
		{CA1C721D-CD56-4B68-A46C-88EA384DD05C}.Debug|Any CPU.Build.0 = Debug|Any CPU
		{CA1C721D-CD56-4B68-A46C-88EA384DD05C}.Release|Any CPU.ActiveCfg = Release|Any CPU
		{CA1C721D-CD56-4B68-A46C-88EA384DD05C}.Release|Any CPU.Build.0 = Release|Any CPU
		{51EBD2EC-C8DD-41F7-A380-F92FDDA54AA1}.Debug|Any CPU.ActiveCfg = Debug|Any CPU
		{51EBD2EC-C8DD-41F7-A380-F92FDDA54AA1}.Debug|Any CPU.Build.0 = Debug|Any CPU
		{51EBD2EC-C8DD-41F7-A380-F92FDDA54AA1}.Release|Any CPU.ActiveCfg = Release|Any CPU
		{51EBD2EC-C8DD-41F7-A380-F92FDDA54AA1}.Release|Any CPU.Build.0 = Release|Any CPU
		{5DCBF5EC-47DE-4F3A-AD34-896EAB45049F}.Debug|Any CPU.ActiveCfg = Debug|Any CPU
		{5DCBF5EC-47DE-4F3A-AD34-896EAB45049F}.Debug|Any CPU.Build.0 = Debug|Any CPU
		{5DCBF5EC-47DE-4F3A-AD34-896EAB45049F}.Release|Any CPU.ActiveCfg = Release|Any CPU
		{5DCBF5EC-47DE-4F3A-AD34-896EAB45049F}.Release|Any CPU.Build.0 = Release|Any CPU
	EndGlobalSection
	GlobalSection(SolutionProperties) = preSolution
		HideSolutionNode = FALSE
	EndGlobalSection
	GlobalSection(NestedProjects) = preSolution
		{F73C1CDE-23A6-48D8-8673-8A248E3DABD4} = {0C791D2B-611B-4BE9-8995-E1920FB30010}
		{CA1C721D-CD56-4B68-A46C-88EA384DD05C} = {0C791D2B-611B-4BE9-8995-E1920FB30010}
		{51EBD2EC-C8DD-41F7-A380-F92FDDA54AA1} = {0C791D2B-611B-4BE9-8995-E1920FB30010}
		{5DCBF5EC-47DE-4F3A-AD34-896EAB45049F} = {0C791D2B-611B-4BE9-8995-E1920FB30010}
	EndGlobalSection
	GlobalSection(ExtensibilityGlobals) = postSolution
		SolutionGuid = {5C7FD2EE-D156-4A5B-B276-0C5D5400EE74}
	EndGlobalSection
EndGlobal
